# This file is generated by running "yarn install" inside your project.
# Manual changes might be lost - proceed with caution!

__metadata:
  version: 6
  cacheKey: 8

"@alloc/quick-lru@npm:^5.2.0":
  version: 5.3.0
  resolution: "@alloc/quick-lru@npm:5.3.0"
  checksum: 300dd6688d2f67cbf4237ef0457ebf506f23b5d9718ce7868b079d5029238ef3f1560fd75f1089feb89d15d2284c78f5eaa817978fd9c3cc4220d3762d5430f8
  languageName: node
  linkType: hard

"@emnapi/core@npm:^1.11.1":
  version: 1.11.3
  resolution: "@emnapi/core@npm:1.11.3"
  dependencies:
    "@emnapi/wasi-threads": 1.2.3
    tslib: ^2.4.0
  checksum: 2c1df28b4dd441ec5abeeee9787a088a104de5508edf147c38bbf7c6408d89ccfdfcdb014d9e40e7be5328d8832331b0fdbdba200bdf51c2e26436e731b5261c
  languageName: node
  linkType: hard

"@emnapi/runtime@npm:^1.11.1, @emnapi/runtime@npm:^1.11.3":
  version: 1.11.3
  resolution: "@emnapi/runtime@npm:1.11.3"
  dependencies:
    tslib: ^2.4.0
  checksum: 844b828dee5318f3645d7eb673e59e527e552483d8caa42afe420753363c6ff2599718100a456483d589dff4f1f3cf1c66010d80b11154c899ebf68fd40fc359
  languageName: node
  linkType: hard

"@emnapi/wasi-threads@npm:1.2.3, @emnapi/wasi-threads@npm:^1.2.2":
  version: 1.2.3
  resolution: "@emnapi/wasi-threads@npm:1.2.3"
  dependencies:
    tslib: ^2.4.0
  checksum: 764a16312b0b63a274be96538662d2cb13c33a91b2357e198f5ce6cbae00742e21fbe067f650084e3e360858db12270ee9f2426fc96e9f3b25b9407c746db2cd
  languageName: node
  linkType: hard

"@img/colour@npm:^1.1.0":
  version: 1.1.0
  resolution: "@img/colour@npm:1.1.0"
  checksum: 1572b4f154fe5987e02e107c32f64a9f50a18cab4a2015b7e53f48317b20c58e00cc2e09467378a2d4f06a6139cabd259b1b6d224e79a3bd6b66daea70a6613d
  languageName: node
  linkType: hard

"@img/sharp-darwin-arm64@npm:0.35.5":
  version: 0.35.5
  resolution: "@img/sharp-darwin-arm64@npm:0.35.5"
  dependencies:
    "@img/sharp-libvips-darwin-arm64": 1.3.4
  dependenciesMeta:
    "@img/sharp-libvips-darwin-arm64":
      optional: true
  conditions: os=darwin & cpu=arm64
  languageName: node
  linkType: hard

"@img/sharp-darwin-x64@npm:0.35.5":
  version: 0.35.5
  resolution: "@img/sharp-darwin-x64@npm:0.35.5"
  dependencies:
    "@img/sharp-libvips-darwin-x64": 1.3.4
  dependenciesMeta:
    "@img/sharp-libvips-darwin-x64":
      optional: true
  conditions: os=darwin & cpu=x64
  languageName: node
  linkType: hard

"@img/sharp-freebsd-wasm32@npm:0.35.5":
  version: 0.35.5
  resolution: "@img/sharp-freebsd-wasm32@npm:0.35.5"
  dependencies:
    "@img/sharp-wasm32": 0.35.5
  conditions: os=freebsd
  languageName: node
  linkType: hard

"@img/sharp-libvips-darwin-arm64@npm:1.3.4":
  version: 1.3.4
  resolution: "@img/sharp-libvips-darwin-arm64@npm:1.3.4"
  conditions: os=darwin & cpu=arm64
  languageName: node
  linkType: hard

"@img/sharp-libvips-darwin-x64@npm:1.3.4":
  version: 1.3.4
  resolution: "@img/sharp-libvips-darwin-x64@npm:1.3.4"
  conditions: os=darwin & cpu=x64
  languageName: node
  linkType: hard

"@img/sharp-libvips-linux-arm64@npm:1.3.4":
  version: 1.3.4
  resolution: "@img/sharp-libvips-linux-arm64@npm:1.3.4"
  conditions: os=linux & cpu=arm64 & libc=glibc
  languageName: node
  linkType: hard

"@img/sharp-libvips-linux-arm@npm:1.3.4":
  version: 1.3.4
  resolution: "@img/sharp-libvips-linux-arm@npm:1.3.4"
  conditions: os=linux & cpu=arm & libc=glibc
  languageName: node
  linkType: hard

"@img/sharp-libvips-linux-ppc64@npm:1.3.4":
  version: 1.3.4
  resolution: "@img/sharp-libvips-linux-ppc64@npm:1.3.4"
  conditions: os=linux & cpu=ppc64 & libc=glibc
  languageName: node
  linkType: hard

"@img/sharp-libvips-linux-riscv64@npm:1.3.4":
  version: 1.3.4
  resolution: "@img/sharp-libvips-linux-riscv64@npm:1.3.4"
  conditions: os=linux & cpu=riscv64 & libc=glibc
  languageName: node
  linkType: hard

"@img/sharp-libvips-linux-s390x@npm:1.3.4":
  version: 1.3.4
  resolution: "@img/sharp-libvips-linux-s390x@npm:1.3.4"
  conditions: os=linux & cpu=s390x & libc=glibc
  languageName: node
  linkType: hard

"@img/sharp-libvips-linux-x64@npm:1.3.4":
  version: 1.3.4
  resolution: "@img/sharp-libvips-linux-x64@npm:1.3.4"
  conditions: os=linux & cpu=x64 & libc=glibc
  languageName: node
  linkType: hard

"@img/sharp-libvips-linuxmusl-arm64@npm:1.3.4":
  version: 1.3.4
  resolution: "@img/sharp-libvips-linuxmusl-arm64@npm:1.3.4"
  conditions: os=linux & cpu=arm64 & libc=musl
  languageName: node
  linkType: hard

"@img/sharp-libvips-linuxmusl-x64@npm:1.3.4":
  version: 1.3.4
  resolution: "@img/sharp-libvips-linuxmusl-x64@npm:1.3.4"
  conditions: os=linux & cpu=x64 & libc=musl
  languageName: node
  linkType: hard

"@img/sharp-linux-arm64@npm:0.35.5":
  version: 0.35.5
  resolution: "@img/sharp-linux-arm64@npm:0.35.5"
  dependencies:
    "@img/sharp-libvips-linux-arm64": 1.3.4
  dependenciesMeta:
    "@img/sharp-libvips-linux-arm64":
      optional: true
  conditions: os=linux & cpu=arm64 & libc=glibc
  languageName: node
  linkType: hard

"@img/sharp-linux-arm@npm:0.35.5":
  version: 0.35.5
  resolution: "@img/sharp-linux-arm@npm:0.35.5"
  dependencies:
    "@img/sharp-libvips-linux-arm": 1.3.4
  dependenciesMeta:
    "@img/sharp-libvips-linux-arm":
      optional: true
  conditions: os=linux & cpu=arm & libc=glibc
  languageName: node
  linkType: hard

"@img/sharp-linux-ppc64@npm:0.35.5":
  version: 0.35.5
  resolution: "@img/sharp-linux-ppc64@npm:0.35.5"
  dependencies:
    "@img/sharp-libvips-linux-ppc64": 1.3.4
  dependenciesMeta:
    "@img/sharp-libvips-linux-ppc64":
      optional: true
  conditions: os=linux & cpu=ppc64 & libc=glibc
  languageName: node
  linkType: hard

"@img/sharp-linux-riscv64@npm:0.35.5":
  version: 0.35.5
  resolution: "@img/sharp-linux-riscv64@npm:0.35.5"
  dependencies:
    "@img/sharp-libvips-linux-riscv64": 1.3.4
  dependenciesMeta:
    "@img/sharp-libvips-linux-riscv64":
      optional: true
  conditions: os=linux & cpu=riscv64 & libc=glibc
  languageName: node
  linkType: hard

"@img/sharp-linux-s390x@npm:0.35.5":
  version: 0.35.5
  resolution: "@img/sharp-linux-s390x@npm:0.35.5"
  dependencies:
    "@img/sharp-libvips-linux-s390x": 1.3.4
  dependenciesMeta:
    "@img/sharp-libvips-linux-s390x":
      optional: true
  conditions: os=linux & cpu=s390x & libc=glibc
  languageName: node
  linkType: hard

"@img/sharp-linux-x64@npm:0.35.5":
  version: 0.35.5
  resolution: "@img/sharp-linux-x64@npm:0.35.5"
  dependencies:
    "@img/sharp-libvips-linux-x64": 1.3.4
  dependenciesMeta:
    "@img/sharp-libvips-linux-x64":
      optional: true
  conditions: os=linux & cpu=x64 & libc=glibc
  languageName: node
  linkType: hard

"@img/sharp-linuxmusl-arm64@npm:0.35.5":
  version: 0.35.5
  resolution: "@img/sharp-linuxmusl-arm64@npm:0.35.5"
  dependencies:
    "@img/sharp-libvips-linuxmusl-arm64": 1.3.4
  dependenciesMeta:
    "@img/sharp-libvips-linuxmusl-arm64":
      optional: true
  conditions: os=linux & cpu=arm64 & libc=musl
  languageName: node
  linkType: hard

"@img/sharp-linuxmusl-x64@npm:0.35.5":
  version: 0.35.5
  resolution: "@img/sharp-linuxmusl-x64@npm:0.35.5"
  dependencies:
    "@img/sharp-libvips-linuxmusl-x64": 1.3.4
  dependenciesMeta:
    "@img/sharp-libvips-linuxmusl-x64":
      optional: true
  conditions: os=linux & cpu=x64 & libc=musl
  languageName: node
  linkType: hard

"@img/sharp-wasm32@npm:0.35.5":
  version: 0.35.5
  resolution: "@img/sharp-wasm32@npm:0.35.5"
  dependencies:
    "@emnapi/runtime": ^1.11.3
  checksum: 2535c8f30ef4adfbd84ed770f8e77dc558f8e4a92a806d4e973451cecd842d9ac7cc06e6ee9f72783c5f2a8c70c6c2b725a7b09aee97ba1b42cd39ac23c223a5
  languageName: node
  linkType: hard

"@img/sharp-webcontainers-wasm32@npm:0.35.5":
  version: 0.35.5
  resolution: "@img/sharp-webcontainers-wasm32@npm:0.35.5"
  dependencies:
    "@img/sharp-wasm32": 0.35.5
  conditions: cpu=wasm32
  languageName: node
  linkType: hard

"@img/sharp-win32-arm64@npm:0.35.5":
  version: 0.35.5
  resolution: "@img/sharp-win32-arm64@npm:0.35.5"
  conditions: os=win32 & cpu=arm64
  languageName: node
  linkType: hard

"@img/sharp-win32-ia32@npm:0.35.5":
  version: 0.35.5
  resolution: "@img/sharp-win32-ia32@npm:0.35.5"
  conditions: os=win32 & cpu=ia32
  languageName: node
  linkType: hard

"@img/sharp-win32-x64@npm:0.35.5":
  version: 0.35.5
  resolution: "@img/sharp-win32-x64@npm:0.35.5"
  conditions: os=win32 & cpu=x64
  languageName: node
  linkType: hard

"@jridgewell/gen-mapping@npm:^0.3.5":
  version: 0.3.13
  resolution: "@jridgewell/gen-mapping@npm:0.3.13"
  dependencies:
    "@jridgewell/sourcemap-codec": ^1.5.0
    "@jridgewell/trace-mapping": ^0.3.24
  checksum: f2105acefc433337145caa3c84bba286de954f61c0bc46279bbd85a9e6a02871089717fa060413cfb6a9d44189fe8313b2d1cabf3a2eb3284d208fd5f75c54ff
  languageName: node
  linkType: hard

"@jridgewell/remapping@npm:^2.3.5":
  version: 2.3.5
  resolution: "@jridgewell/remapping@npm:2.3.5"
  dependencies:
    "@jridgewell/gen-mapping": ^0.3.5
    "@jridgewell/trace-mapping": ^0.3.24
  checksum: 4a66a7397c3dc9c6b5c14a0024b1f98c5e1d90a0dbc1e5955b5038f2db339904df2a0ee8a66559fafb4fc23ff33700a2639fd40bbdd2e9e82b58b3bdf83738e3
  languageName: node
  linkType: hard

"@jridgewell/resolve-uri@npm:^3.1.0":
  version: 3.1.2
  resolution: "@jridgewell/resolve-uri@npm:3.1.2"
  checksum: 83b85f72c59d1c080b4cbec0fef84528963a1b5db34e4370fa4bd1e3ff64a0d80e0cee7369d11d73c704e0286fb2865b530acac7a871088fbe92b5edf1000870
  languageName: node
  linkType: hard

"@jridgewell/sourcemap-codec@npm:^1.4.14, @jridgewell/sourcemap-codec@npm:^1.5.0, @jridgewell/sourcemap-codec@npm:^1.5.5":
  version: 1.6.0
  resolution: "@jridgewell/sourcemap-codec@npm:1.6.0"
  checksum: d49b0547385f352ae1955d47cc4c7bb3595000df69469b7382da05bda3277cb0b80ccf776b402306ffcd16424c194e117ca24a3d6ac7d3e796a2361c9a264608
  languageName: node
  linkType: hard

"@jridgewell/trace-mapping@npm:^0.3.24":
  version: 0.3.31
  resolution: "@jridgewell/trace-mapping@npm:0.3.31"
  dependencies:
    "@jridgewell/resolve-uri": ^3.1.0
    "@jridgewell/sourcemap-codec": ^1.4.14
  checksum: af8fda2431348ad507fbddf8e25f5d08c79ecc94594061ce402cf41bc5aba1a7b3e59bf0fd70a619b35f33983a3f488ceeba8faf56bff784f98bb5394a8b7d47
  languageName: node
  linkType: hard

"@napi-rs/wasm-runtime@npm:^1.1.4":
  version: 1.2.4
  resolution: "@napi-rs/wasm-runtime@npm:1.2.4"
  dependencies:
    "@tybys/wasm-util": ^0.10.3
  peerDependencies:
    "@emnapi/core": ^1.7.1 || ^2.0.0-alpha.4
    "@emnapi/runtime": ^1.7.1 || ^2.0.0-alpha.4
  checksum: 9ff112320dbce51ddacde2e6f8ed930798edf0e348490938460a52b1f3cb5ad1fec24a1fa9121abd474c259e246be8e245c4e66c2910079147f57a0f35f7d06d
  languageName: node
  linkType: hard

"@next/env@npm:16.3.8":
  version: 16.3.8
  resolution: "@next/env@npm:16.3.8"
  checksum: 433553a1840ad078e4b3d0d2971d629bf683f671b1e4fe90d865d4db2cefbbdd48e56d88e8feedc7b6ea2725a7a118863101995dc0552fffd62274311893d99f
  languageName: node
  linkType: hard

"@next/swc-darwin-arm64@npm:16.3.8":
  version: 16.3.8
  resolution: "@next/swc-darwin-arm64@npm:16.3.8"
  conditions: os=darwin & cpu=arm64
  languageName: node
  linkType: hard

"@next/swc-darwin-x64@npm:16.3.8":
  version: 16.3.8
  resolution: "@next/swc-darwin-x64@npm:16.3.8"
  conditions: os=darwin & cpu=x64
  languageName: node
  linkType: hard

"@next/swc-linux-arm64-gnu@npm:16.3.8":
  version: 16.3.8
  resolution: "@next/swc-linux-arm64-gnu@npm:16.3.8"
  conditions: os=linux & cpu=arm64 & libc=glibc
  languageName: node
  linkType: hard

"@next/swc-linux-arm64-musl@npm:16.3.8":
  version: 16.3.8
  resolution: "@next/swc-linux-arm64-musl@npm:16.3.8"
  conditions: os=linux & cpu=arm64 & libc=musl
  languageName: node
  linkType: hard

"@next/swc-linux-x64-gnu@npm:16.3.8":
  version: 16.3.8
  resolution: "@next/swc-linux-x64-gnu@npm:16.3.8"
  conditions: os=linux & cpu=x64 & libc=glibc
  languageName: node
  linkType: hard

"@next/swc-linux-x64-musl@npm:16.3.8":
  version: 16.3.8
  resolution: "@next/swc-linux-x64-musl@npm:16.3.8"
  conditions: os=linux & cpu=x64 & libc=musl
  languageName: node
  linkType: hard

"@next/swc-win32-arm64-msvc@npm:16.3.8":
  version: 16.3.8
  resolution: "@next/swc-win32-arm64-msvc@npm:16.3.8"
  conditions: os=win32 & cpu=arm64
  languageName: node
  linkType: hard

"@next/swc-win32-x64-msvc@npm:16.3.8":
  version: 16.3.8
  resolution: "@next/swc-win32-x64-msvc@npm:16.3.8"
  conditions: os=win32 & cpu=x64
  languageName: node
  linkType: hard

"@swc/helpers@npm:0.5.23":
  version: 0.5.23
  resolution: "@swc/helpers@npm:0.5.23"
  dependencies:
    tslib: ^2.8.0
  checksum: c9282bb0d4711fe83b9072690635948ea2e9a76cc5d09ad7f0bcfbd2c35d0536035af5334aa341fc3bcc2630fc57da7fcb336866913ef0bda52492ada788f9b6
  languageName: node
  linkType: hard

"@tailwindcss/node@npm:4.3.3":
  version: 4.3.3
  resolution: "@tailwindcss/node@npm:4.3.3"
  dependencies:
    "@jridgewell/remapping": ^2.3.5
    enhanced-resolve: ^5.24.1
    jiti: ^2.7.0
    lightningcss: 1.32.0
    magic-string: ^0.30.21
    source-map-js: ^1.2.1
    tailwindcss: 4.3.3
  checksum: fe10ab88574d14e2369d6c37c4e4a04d634628a4e508c70f44e663537a1f95b21bbd7f995ad1a700914274a6d7c0e09ee6bf446a604919980051106b4f759943
  languageName: node
  linkType: hard

"@tailwindcss/oxide-android-arm64@npm:4.3.3":
  version: 4.3.3
  resolution: "@tailwindcss/oxide-android-arm64@npm:4.3.3"
  conditions: os=android & cpu=arm64
  languageName: node
  linkType: hard

"@tailwindcss/oxide-darwin-arm64@npm:4.3.3":
  version: 4.3.3
  resolution: "@tailwindcss/oxide-darwin-arm64@npm:4.3.3"
  conditions: os=darwin & cpu=arm64
  languageName: node
  linkType: hard

"@tailwindcss/oxide-darwin-x64@npm:4.3.3":
  version: 4.3.3
  resolution: "@tailwindcss/oxide-darwin-x64@npm:4.3.3"
  conditions: os=darwin & cpu=x64
  languageName: node
  linkType: hard

"@tailwindcss/oxide-freebsd-x64@npm:4.3.3":
  version: 4.3.3
  resolution: "@tailwindcss/oxide-freebsd-x64@npm:4.3.3"
  conditions: os=freebsd & cpu=x64
  languageName: node
  linkType: hard

"@tailwindcss/oxide-linux-arm-gnueabihf@npm:4.3.3":
  version: 4.3.3
  resolution: "@tailwindcss/oxide-linux-arm-gnueabihf@npm:4.3.3"
  conditions: os=linux & cpu=arm
  languageName: node
  linkType: hard

"@tailwindcss/oxide-linux-arm64-gnu@npm:4.3.3":
  version: 4.3.3
  resolution: "@tailwindcss/oxide-linux-arm64-gnu@npm:4.3.3"
  conditions: os=linux & cpu=arm64 & libc=glibc
  languageName: node
  linkType: hard

"@tailwindcss/oxide-linux-arm64-musl@npm:4.3.3":
  version: 4.3.3
  resolution: "@tailwindcss/oxide-linux-arm64-musl@npm:4.3.3"
  conditions: os=linux & cpu=arm64 & libc=musl
  languageName: node
  linkType: hard

"@tailwindcss/oxide-linux-x64-gnu@npm:4.3.3":
  version: 4.3.3
  resolution: "@tailwindcss/oxide-linux-x64-gnu@npm:4.3.3"
  conditions: os=linux & cpu=x64 & libc=glibc
  languageName: node
  linkType: hard

"@tailwindcss/oxide-linux-x64-musl@npm:4.3.3":
  version: 4.3.3
  resolution: "@tailwindcss/oxide-linux-x64-musl@npm:4.3.3"
  conditions: os=linux & cpu=x64 & libc=musl
  languageName: node
  linkType: hard

"@tailwindcss/oxide-wasm32-wasi@npm:4.3.3":
  version: 4.3.3
  resolution: "@tailwindcss/oxide-wasm32-wasi@npm:4.3.3"
  dependencies:
    "@emnapi/core": ^1.11.1
    "@emnapi/runtime": ^1.11.1
    "@emnapi/wasi-threads": ^1.2.2
    "@napi-rs/wasm-runtime": ^1.1.4
    "@tybys/wasm-util": ^0.10.2
    tslib: ^2.8.1
  conditions: cpu=wasm32
  languageName: node
  linkType: hard

"@tailwindcss/oxide-win32-arm64-msvc@npm:4.3.3":
  version: 4.3.3
  resolution: "@tailwindcss/oxide-win32-arm64-msvc@npm:4.3.3"
  conditions: os=win32 & cpu=arm64
  languageName: node
  linkType: hard

"@tailwindcss/oxide-win32-x64-msvc@npm:4.3.3":
  version: 4.3.3
  resolution: "@tailwindcss/oxide-win32-x64-msvc@npm:4.3.3"
  conditions: os=win32 & cpu=x64
  languageName: node
  linkType: hard

"@tailwindcss/oxide@npm:4.3.3":
  version: 4.3.3
  resolution: "@tailwindcss/oxide@npm:4.3.3"
  dependencies:
    "@tailwindcss/oxide-android-arm64": 4.3.3
    "@tailwindcss/oxide-darwin-arm64": 4.3.3
    "@tailwindcss/oxide-darwin-x64": 4.3.3
    "@tailwindcss/oxide-freebsd-x64": 4.3.3
    "@tailwindcss/oxide-linux-arm-gnueabihf": 4.3.3
    "@tailwindcss/oxide-linux-arm64-gnu": 4.3.3
    "@tailwindcss/oxide-linux-arm64-musl": 4.3.3
    "@tailwindcss/oxide-linux-x64-gnu": 4.3.3
    "@tailwindcss/oxide-linux-x64-musl": 4.3.3
    "@tailwindcss/oxide-wasm32-wasi": 4.3.3
    "@tailwindcss/oxide-win32-arm64-msvc": 4.3.3
    "@tailwindcss/oxide-win32-x64-msvc": 4.3.3
  dependenciesMeta:
    "@tailwindcss/oxide-android-arm64":
      optional: true
    "@tailwindcss/oxide-darwin-arm64":
      optional: true
    "@tailwindcss/oxide-darwin-x64":
      optional: true
    "@tailwindcss/oxide-freebsd-x64":
      optional: true
    "@tailwindcss/oxide-linux-arm-gnueabihf":
      optional: true
    "@tailwindcss/oxide-linux-arm64-gnu":
      optional: true
    "@tailwindcss/oxide-linux-arm64-musl":
      optional: true
    "@tailwindcss/oxide-linux-x64-gnu":
      optional: true
    "@tailwindcss/oxide-linux-x64-musl":
      optional: true
    "@tailwindcss/oxide-wasm32-wasi":
      optional: true
    "@tailwindcss/oxide-win32-arm64-msvc":
      optional: true
    "@tailwindcss/oxide-win32-x64-msvc":
      optional: true
  checksum: 256cc2695995dd751865e7bf6fd0bbe6968ed2f8eefac719fe7afc529741ead9ba13fb7f7d58ecbece8b13d4f57911809217eee231d8c5e6a1850c1bf003bdcd
  languageName: node
  linkType: hard

"@tailwindcss/postcss@npm:^4.1.14":
  version: 4.3.3
  resolution: "@tailwindcss/postcss@npm:4.3.3"
  dependencies:
    "@alloc/quick-lru": ^5.2.0
    "@tailwindcss/node": 4.3.3
    "@tailwindcss/oxide": 4.3.3
    postcss: ^8.5.16
    tailwindcss: 4.3.3
  checksum: 63a3180dea98dfb853c763ae05474a0d6fbc8bd7bcb3629f1e83b5ea6c9a24cdbab16fa5df26fd638849d2e8e77c23054833d91de52044c0ea0b6fcb4626fe21
  languageName: node
  linkType: hard

"@tanstack/query-core@npm:5.104.0":
  version: 5.104.0
  resolution: "@tanstack/query-core@npm:5.104.0"
  checksum: 31397c3c7ee4bcc0d3f05f89f029902d04a0089757a1e25e3d1b8a0e0a7c660e58345f6a220691631724b76432411f7da89eb97b964efd88318396f04d3fa9b3
  languageName: node
  linkType: hard

"@tanstack/react-query@npm:^5.90.0":
  version: 5.104.0
  resolution: "@tanstack/react-query@npm:5.104.0"
  dependencies:
    "@tanstack/query-core": 5.104.0
  peerDependencies:
    react: ^18 || ^19
  checksum: b0ceee18b5b7c7f88cc5341d2a7638ff7d3c0fb714f28405a1aecad42e51e9861d1c52200a4a61969aa02417df46713631dd9af480176c41e772ee4f4bd1eaeb
  languageName: node
  linkType: hard

"@tybys/wasm-util@npm:^0.10.2, @tybys/wasm-util@npm:^0.10.3":
  version: 0.10.4
  resolution: "@tybys/wasm-util@npm:0.10.4"
  dependencies:
    tslib: ^2.4.0
  checksum: e4ae233396d35bad484b7cb646d14ccf4841dbd5e6d9312e6b3ca4e3fcf767c442fd0e81daba1307b1d02990af739ce79e1631d3d94e66e3b1436ae68e7b338c
  languageName: node
  linkType: hard

"@types/node@npm:^22.10.0":
  version: 22.20.5
  resolution: "@types/node@npm:22.20.5"
  dependencies:
    undici-types: ~6.21.0
  checksum: c9258c97d580c980fe229b8a3598f68c896dd71a9b7cbabe55027842de06a7ecc16101f3f1c22ac35cc01c7636db0c05532e8c1299968ab0d2d2648dab5849e1
  languageName: node
  linkType: hard

"@types/react-dom@npm:^19.0.0":
  version: 19.3.0
  resolution: "@types/react-dom@npm:19.3.0"
  peerDependencies:
    "@types/react": ^19.3.0
  checksum: 9e043873433f897f3287582e43c424c93c3ac44d975007b2d2d4ef9985b4d269461abfb1502646882e724fc0725635741e1097888ceccff571bf6815841763fc
  languageName: node
  linkType: hard

"@types/react@npm:^19.0.0":
  version: 19.3.0
  resolution: "@types/react@npm:19.3.0"
  dependencies:
    csstype: ^3.2.2
  checksum: 1cc51d4b76e5855da231e8b5afbde76db000eb3fffa5a8087a93eef1c168e86f90d10b7dae08dabf7a6ac327a254604406e6ede45c952d39d24dd0da6f856790
  languageName: node
  linkType: hard

"baseline-browser-mapping@npm:^2.9.19":
  version: 2.11.27
  resolution: "baseline-browser-mapping@npm:2.11.27"
  bin:
    baseline-browser-mapping: dist/cli.cjs
  checksum: 1d0c8290680701f9339b891b1945f74d837064e8cb6fbf7e988b5e38b0dcb5a1eeaccd74ce43d44fcdbfa8b11c625db9611ac7cc5b16cd26347a90b033d5753b
  languageName: node
  linkType: hard

"caniuse-lite@npm:^1.0.30001579":
  version: 1.0.30001814
  resolution: "caniuse-lite@npm:1.0.30001814"
  checksum: 41ca30953f593f4e568b241be8d5dd257d0c2496b7d9109792ce2c7debfcf476cc960bc7bad4b52beaa21dc502939d550ee7306e634ccfbc9abc0732a9532a2c
  languageName: node
  linkType: hard

"class-variance-authority@npm:^0.7.1":
  version: 0.7.1
  resolution: "class-variance-authority@npm:0.7.1"
  dependencies:
    clsx: ^2.1.1
  checksum: e05ba26ef9ec38f7c675047ce366b067d60af6c954dba08f7802af19a9460a534ae752d8fe1294fff99d0fa94a669b16ccebd87e8a20f637c0736cf2751dd2c5
  languageName: node
  linkType: hard

"client-only@npm:0.0.1":
  version: 0.0.1
  resolution: "client-only@npm:0.0.1"
  checksum: 0c16bf660dadb90610553c1d8946a7fdfb81d624adea073b8440b7d795d5b5b08beb3c950c6a2cf16279365a3265158a236876d92bce16423c485c322d7dfaf8
  languageName: node
  linkType: hard

"clsx@npm:^2.1.1":
  version: 2.1.1
  resolution: "clsx@npm:2.1.1"
  checksum: acd3e1ab9d8a433ecb3cc2f6a05ab95fe50b4a3cfc5ba47abb6cbf3754585fcb87b84e90c822a1f256c4198e3b41c7f6c391577ffc8678ad587fc0976b24fd57
  languageName: node
  linkType: hard

"csstype@npm:^3.2.2":
  version: 3.2.3
  resolution: "csstype@npm:3.2.3"
  checksum: cb882521b3398958a1ce6ca98c011aec0bde1c77ecaf8a1dd4db3b112a189939beae3b1308243b2fe50fc27eb3edeb0f73a5a4d91d928765dc6d5ecc7bda92ee
  languageName: node
  linkType: hard

"detect-libc@npm:^2.0.3, detect-libc@npm:^2.1.2":
  version: 2.1.2
  resolution: "detect-libc@npm:2.1.2"
  checksum: 471740d52365084c4b2ae359e507b863f2b1d79b08a92835ebdf701918e08fc9cfba175b3db28483ca33b155e1311a91d69dc42c6d192b476f41a9e1f094ce6a
  languageName: node
  linkType: hard

"enhanced-resolve@npm:^5.24.1":
  version: 5.26.0
  resolution: "enhanced-resolve@npm:5.26.0"
  dependencies:
    graceful-fs: ^4.2.4
    tapable: ^2.3.3
  checksum: 8eac908768d228f0fa8e189cc3c604d1352ddb3cbdf87b5b2321dffea149278caf77c30de876dfe72d7103bf7345daaaa05f5741503daa05febefd1868e4723e
  languageName: node
  linkType: hard

"ggumddo-starters@workspace:.":
  version: 0.0.0-use.local
  resolution: "ggumddo-starters@workspace:."
  dependencies:
    "@tailwindcss/postcss": ^4.1.14
    "@tanstack/react-query": ^5.90.0
    "@types/node": ^22.10.0
    "@types/react": ^19.0.0
    "@types/react-dom": ^19.0.0
    class-variance-authority: ^0.7.1
    clsx: ^2.1.1
    lucide-react: ^0.468.0
    next: ^16.0.0
    react: ^19.2.0
    react-dom: ^19.2.0
    tailwind-merge: ^3.3.1
    tailwindcss: ^4.1.14
    typescript: ^5.9.0
  languageName: unknown
  linkType: soft

"graceful-fs@npm:^4.2.4":
  version: 4.2.11
  resolution: "graceful-fs@npm:4.2.11"
  checksum: ac85f94da92d8eb6b7f5a8b20ce65e43d66761c55ce85ac96df6865308390da45a8d3f0296dd3a663de65d30ba497bd46c696cc1e248c72b13d6d567138a4fc7
  languageName: node
  linkType: hard

"jiti@npm:^2.7.0":
  version: 2.7.0
  resolution: "jiti@npm:2.7.0"
  bin:
    jiti: lib/jiti-cli.mjs
  checksum: e43d0859988f1f709a9a6c69833219ebdfe041fd2f7355a2a2151254c0c42b5a74de400f24d6b5d3d6689112fedae8be1ed4df29fcc1b891e8aa0992d33f3b16
  languageName: node
  linkType: hard

"lightningcss-android-arm64@npm:1.32.0":
  version: 1.32.0
  resolution: "lightningcss-android-arm64@npm:1.32.0"
  conditions: os=android & cpu=arm64
  languageName: node
  linkType: hard

"lightningcss-darwin-arm64@npm:1.32.0":
  version: 1.32.0
  resolution: "lightningcss-darwin-arm64@npm:1.32.0"
  conditions: os=darwin & cpu=arm64
  languageName: node
  linkType: hard

"lightningcss-darwin-x64@npm:1.32.0":
  version: 1.32.0
  resolution: "lightningcss-darwin-x64@npm:1.32.0"
  conditions: os=darwin & cpu=x64
  languageName: node
  linkType: hard

"lightningcss-freebsd-x64@npm:1.32.0":
  version: 1.32.0
  resolution: "lightningcss-freebsd-x64@npm:1.32.0"
  conditions: os=freebsd & cpu=x64
  languageName: node
  linkType: hard

"lightningcss-linux-arm-gnueabihf@npm:1.32.0":
  version: 1.32.0
  resolution: "lightningcss-linux-arm-gnueabihf@npm:1.32.0"
  conditions: os=linux & cpu=arm
  languageName: node
  linkType: hard

"lightningcss-linux-arm64-gnu@npm:1.32.0":
  version: 1.32.0
  resolution: "lightningcss-linux-arm64-gnu@npm:1.32.0"
  conditions: os=linux & cpu=arm64 & libc=glibc
  languageName: node
  linkType: hard

"lightningcss-linux-arm64-musl@npm:1.32.0":
  version: 1.32.0
  resolution: "lightningcss-linux-arm64-musl@npm:1.32.0"
  conditions: os=linux & cpu=arm64 & libc=musl
  languageName: node
  linkType: hard

"lightningcss-linux-x64-gnu@npm:1.32.0":
  version: 1.32.0
  resolution: "lightningcss-linux-x64-gnu@npm:1.32.0"
  conditions: os=linux & cpu=x64 & libc=glibc
  languageName: node
  linkType: hard

"lightningcss-linux-x64-musl@npm:1.32.0":
  version: 1.32.0
  resolution: "lightningcss-linux-x64-musl@npm:1.32.0"
  conditions: os=linux & cpu=x64 & libc=musl
  languageName: node
  linkType: hard

"lightningcss-win32-arm64-msvc@npm:1.32.0":
  version: 1.32.0
  resolution: "lightningcss-win32-arm64-msvc@npm:1.32.0"
  conditions: os=win32 & cpu=arm64
  languageName: node
  linkType: hard

"lightningcss-win32-x64-msvc@npm:1.32.0":
  version: 1.32.0
  resolution: "lightningcss-win32-x64-msvc@npm:1.32.0"
  conditions: os=win32 & cpu=x64
  languageName: node
  linkType: hard

"lightningcss@npm:1.32.0":
  version: 1.32.0
  resolution: "lightningcss@npm:1.32.0"
  dependencies:
    detect-libc: ^2.0.3
    lightningcss-android-arm64: 1.32.0
    lightningcss-darwin-arm64: 1.32.0
    lightningcss-darwin-x64: 1.32.0
    lightningcss-freebsd-x64: 1.32.0
    lightningcss-linux-arm-gnueabihf: 1.32.0
    lightningcss-linux-arm64-gnu: 1.32.0
    lightningcss-linux-arm64-musl: 1.32.0
    lightningcss-linux-x64-gnu: 1.32.0
    lightningcss-linux-x64-musl: 1.32.0
    lightningcss-win32-arm64-msvc: 1.32.0
    lightningcss-win32-x64-msvc: 1.32.0
  dependenciesMeta:
    lightningcss-android-arm64:
      optional: true
    lightningcss-darwin-arm64:
      optional: true
    lightningcss-darwin-x64:
      optional: true
    lightningcss-freebsd-x64:
      optional: true
    lightningcss-linux-arm-gnueabihf:
      optional: true
    lightningcss-linux-arm64-gnu:
      optional: true
    lightningcss-linux-arm64-musl:
      optional: true
    lightningcss-linux-x64-gnu:
      optional: true
    lightningcss-linux-x64-musl:
      optional: true
    lightningcss-win32-arm64-msvc:
      optional: true
    lightningcss-win32-x64-msvc:
      optional: true
  checksum: 27adc4288cea141019c7bc010e0b10c7af9140348014273281d8474a5259dc02a00475aeee947dfcc6fbacc95b0d3fb7e7b32319e7d64df08ca1c85119ea75f6
  languageName: node
  linkType: hard

"lucide-react@npm:^0.468.0":
  version: 0.468.0
  resolution: "lucide-react@npm:0.468.0"
  peerDependencies:
    react: ^16.5.1 || ^17.0.0 || ^18.0.0 || ^19.0.0-rc
  checksum: 88acf196b1dedb605deb94da0aae5af9cf545080501fda3d586db9087751225ef101e5cff8d3226614d3879dc0765d8fefeced9eff62ab01bd02f2bdccc4ad91
  languageName: node
  linkType: hard

"magic-string@npm:^0.30.21":
  version: 0.30.21
  resolution: "magic-string@npm:0.30.21"
  dependencies:
    "@jridgewell/sourcemap-codec": ^1.5.5
  checksum: 4ff76a4e8d439431cf49f039658751ed351962d044e5955adc257489569bd676019c906b631f86319217689d04815d7d064ee3ff08ab82ae65b7655a7e82a414
  languageName: node
  linkType: hard

"nanoid@npm:^3.3.16, nanoid@npm:^3.3.18":
  version: 3.3.19
  resolution: "nanoid@npm:3.3.19"
  bin:
    nanoid: bin/nanoid.cjs
  checksum: 9e7a9c78d81b3778844df795aa17da6fde77825eacee6c6e5776cac0055326d54cc1bfee71ad0a9a1f11556c93a243a63648228e6c6b24ae7d4f75f6d4466a99
  languageName: node
  linkType: hard

"next@npm:^16.0.0":
  version: 16.3.8
  resolution: "next@npm:16.3.8"
  dependencies:
    "@next/env": 16.3.8
    "@next/swc-darwin-arm64": 16.3.8
    "@next/swc-darwin-x64": 16.3.8
    "@next/swc-linux-arm64-gnu": 16.3.8
    "@next/swc-linux-arm64-musl": 16.3.8
    "@next/swc-linux-x64-gnu": 16.3.8
    "@next/swc-linux-x64-musl": 16.3.8
    "@next/swc-win32-arm64-msvc": 16.3.8
    "@next/swc-win32-x64-msvc": 16.3.8
    "@swc/helpers": 0.5.23
    baseline-browser-mapping: ^2.9.19
    caniuse-lite: ^1.0.30001579
    postcss: 8.5.23
    sharp: ^0.35.4
    styled-jsx: 5.1.6
  peerDependencies:
    "@opentelemetry/api": ^1.1.0
    "@playwright/test": ^1.51.1
    babel-plugin-react-compiler: "*"
    react: ^18.2.0 || 19.0.0-rc-de68d2f4-20241204 || ^19.0.0
    react-dom: ^18.2.0 || 19.0.0-rc-de68d2f4-20241204 || ^19.0.0
    sass: ^1.3.0
  dependenciesMeta:
    "@next/swc-darwin-arm64":
      optional: true
    "@next/swc-darwin-x64":
      optional: true
    "@next/swc-linux-arm64-gnu":
      optional: true
    "@next/swc-linux-arm64-musl":
      optional: true
    "@next/swc-linux-x64-gnu":
      optional: true
    "@next/swc-linux-x64-musl":
      optional: true
    "@next/swc-win32-arm64-msvc":
      optional: true
    "@next/swc-win32-x64-msvc":
      optional: true
    sharp:
      optional: true
  peerDependenciesMeta:
    "@opentelemetry/api":
      optional: true
    "@playwright/test":
      optional: true
    babel-plugin-react-compiler:
      optional: true
    sass:
      optional: true
  bin:
    next: dist/bin/next
  checksum: ab6d64c8ec054b5826e963c1ea5b76e89f2e53279b08464f1595cccae25855cc605216eef8d66b347352526b647b269ea1bee37895597fc93e8090de5ff47cc2
  languageName: node
  linkType: hard

"picocolors@npm:^1.1.1":
  version: 1.1.1
  resolution: "picocolors@npm:1.1.1"
  checksum: e1cf46bf84886c79055fdfa9dcb3e4711ad259949e3565154b004b260cd356c5d54b31a1437ce9782624bf766272fe6b0154f5f0c744fb7af5d454d2b60db045
  languageName: node
  linkType: hard

"postcss@npm:8.5.23":
  version: 8.5.23
  resolution: "postcss@npm:8.5.23"
  dependencies:
    nanoid: ^3.3.16
    picocolors: ^1.1.1
    source-map-js: ^1.2.1
  checksum: 02fe0aac9de34914104566b3fe3a29903dc7bae4a3fffffdca1331dc51e14aa62c48e8373fc4d107ef99f8f5cae98199d9a89fbcbf43371693b22a397ff5cc34
  languageName: node
  linkType: hard

"postcss@npm:^8.5.16":
  version: 8.5.28
  resolution: "postcss@npm:8.5.28"
  dependencies:
    nanoid: ^3.3.18
    picocolors: ^1.1.1
    source-map-js: ^1.2.1
  checksum: 914a3a7af573aa2b672c0e286e0c7665a0e8c7e7a2370a0247c4531c189559e1909bac90d973bc2ff0ab64173780ec7ccde28be20298c887d16ed65d95098f6a
  languageName: node
  linkType: hard

"react-dom@npm:^19.2.0":
  version: 19.3.0
  resolution: "react-dom@npm:19.3.0"
  dependencies:
    scheduler: ^0.28.0
  peerDependencies:
    react: ^19.3.0
  checksum: 0545bc771be35bd6bf060e30151df21da5863db9f8f16c63a7cd466fb914c86f4ae050d4724f2a878805bb10ea30d79d02eb6501446fe5b33b32c1e95f6edd23
  languageName: node
  linkType: hard

"react@npm:^19.2.0":
  version: 19.3.0
  resolution: "react@npm:19.3.0"
  checksum: b33f946acb704533911e9341f5acac7671d630d0fdfd4af625596b0ec5f2df03933bd1c302c781994416ed013f24674cab8ea99edc1b6714433af2c20376574f
  languageName: node
  linkType: hard

"scheduler@npm:^0.28.0":
  version: 0.28.0
  resolution: "scheduler@npm:0.28.0"
  checksum: 2ec673f773d3b8992ca047a7e94e21b0f6dfea8414935a0d92b070ce1ea6b1b5ee97976f3efc9f3eb49982957b1cd8e38a20b63fb14ed6a848ae063aeb87e751
  languageName: node
  linkType: hard

"semver@npm:^7.8.5":
  version: 7.8.5
  resolution: "semver@npm:7.8.5"
  bin:
    semver: bin/semver.js
  checksum: 0c580f17e88e2b45806dc5cf3d824f719c946999d3554bf30307c2b68b3300ab3c8bfcd84d8f489b93b4cbb5362f5fc8de4d2858954f18d834253c4450fc9f6b
  languageName: node
  linkType: hard

"sharp@npm:^0.35.4":
  version: 0.35.5
  resolution: "sharp@npm:0.35.5"
  dependencies:
    "@img/colour": ^1.1.0
    "@img/sharp-darwin-arm64": 0.35.5
    "@img/sharp-darwin-x64": 0.35.5
    "@img/sharp-freebsd-wasm32": 0.35.5
    "@img/sharp-libvips-darwin-arm64": 1.3.4
    "@img/sharp-libvips-darwin-x64": 1.3.4
    "@img/sharp-libvips-linux-arm": 1.3.4
    "@img/sharp-libvips-linux-arm64": 1.3.4
    "@img/sharp-libvips-linux-ppc64": 1.3.4
    "@img/sharp-libvips-linux-riscv64": 1.3.4
    "@img/sharp-libvips-linux-s390x": 1.3.4
    "@img/sharp-libvips-linux-x64": 1.3.4
    "@img/sharp-libvips-linuxmusl-arm64": 1.3.4
    "@img/sharp-libvips-linuxmusl-x64": 1.3.4
    "@img/sharp-linux-arm": 0.35.5
    "@img/sharp-linux-arm64": 0.35.5
    "@img/sharp-linux-ppc64": 0.35.5
    "@img/sharp-linux-riscv64": 0.35.5
    "@img/sharp-linux-s390x": 0.35.5
    "@img/sharp-linux-x64": 0.35.5
    "@img/sharp-linuxmusl-arm64": 0.35.5
    "@img/sharp-linuxmusl-x64": 0.35.5
    "@img/sharp-webcontainers-wasm32": 0.35.5
    "@img/sharp-win32-arm64": 0.35.5
    "@img/sharp-win32-ia32": 0.35.5
    "@img/sharp-win32-x64": 0.35.5
    detect-libc: ^2.1.2
    semver: ^7.8.5
  dependenciesMeta:
    "@img/sharp-darwin-arm64":
      optional: true
    "@img/sharp-darwin-x64":
      optional: true
    "@img/sharp-freebsd-wasm32":
      optional: true
    "@img/sharp-libvips-darwin-arm64":
      optional: true
    "@img/sharp-libvips-darwin-x64":
      optional: true
    "@img/sharp-libvips-linux-arm":
      optional: true
    "@img/sharp-libvips-linux-arm64":
      optional: true
    "@img/sharp-libvips-linux-ppc64":
      optional: true
    "@img/sharp-libvips-linux-riscv64":
      optional: true
    "@img/sharp-libvips-linux-s390x":
      optional: true
    "@img/sharp-libvips-linux-x64":
      optional: true
    "@img/sharp-libvips-linuxmusl-arm64":
      optional: true
    "@img/sharp-libvips-linuxmusl-x64":
      optional: true
    "@img/sharp-linux-arm":
      optional: true
    "@img/sharp-linux-arm64":
      optional: true
    "@img/sharp-linux-ppc64":
      optional: true
    "@img/sharp-linux-riscv64":
      optional: true
    "@img/sharp-linux-s390x":
      optional: true
    "@img/sharp-linux-x64":
      optional: true
    "@img/sharp-linuxmusl-arm64":
      optional: true
    "@img/sharp-linuxmusl-x64":
      optional: true
    "@img/sharp-webcontainers-wasm32":
      optional: true
    "@img/sharp-win32-arm64":
      optional: true
    "@img/sharp-win32-ia32":
      optional: true
    "@img/sharp-win32-x64":
      optional: true
  peerDependenciesMeta:
    "@types/node":
      optional: true
  checksum: 8823d68f4484cb0df5795f8dddd09dc8f7d39071da0ce385f68a182ae3019780e1ff1e908ac625d08d6773d39957a6722bd91c792ae099c3a0c4754b23e4cddd
  languageName: node
  linkType: hard

"source-map-js@npm:^1.2.1":
  version: 1.2.2
  resolution: "source-map-js@npm:1.2.2"
  checksum: d4f3adc1921e145fe84574b5852d7f5bf11e93d6c008a250ffe66a3e698331f066008cc3ba63e720dde07fe74871f1610d2e74532d33b27126e82e57c00df3bf
  languageName: node
  linkType: hard

"styled-jsx@npm:5.1.6":
  version: 5.1.6
  resolution: "styled-jsx@npm:5.1.6"
  dependencies:
    client-only: 0.0.1
  peerDependencies:
    react: ">= 16.8.0 || 17.x.x || ^18.0.0-0 || ^19.0.0-0"
  peerDependenciesMeta:
    "@babel/core":
      optional: true
    babel-plugin-macros:
      optional: true
  checksum: 879ad68e3e81adcf4373038aaafe55f968294955593660e173fbf679204aff158c59966716a60b29af72dc88795cfb2c479b6d2c3c87b2b2d282f3e27cc66461
  languageName: node
  linkType: hard

"tailwind-merge@npm:^3.3.1":
  version: 3.7.0
  resolution: "tailwind-merge@npm:3.7.0"
  checksum: 9fde6a8881ea481c68fed030fa37f99e41f32b82610e9b4e3fd2de51f729f12efb4a7e7addae0b681dba328fa8a49c0448d7317594bf640f3611e08b5af1d275
  languageName: node
  linkType: hard

"tailwindcss@npm:4.3.3, tailwindcss@npm:^4.1.14":
  version: 4.3.3
  resolution: "tailwindcss@npm:4.3.3"
  checksum: 26ed481f922a700e9f7b48de29d7d6ad07d1457a475d14391f9fca676b72e1aded478a60640e4104e8b04508659af0141f6ffbb14fe482eac7d418c511c7fa08
  languageName: node
  linkType: hard

"tapable@npm:^2.3.3":
  version: 2.3.3
  resolution: "tapable@npm:2.3.3"
  checksum: 6f37a59e82a2daedd0fbfc231f6e6004389a9d4bcf8ab8f2d61f96f9f4fd4cbb087799627c5d644d75f518df2abbbc9b9ac699945e0c9a0c610f2a3ca92e0265
  languageName: node
  linkType: hard

"tslib@npm:^2.4.0, tslib@npm:^2.8.0, tslib@npm:^2.8.1":
  version: 2.8.1
  resolution: "tslib@npm:2.8.1"
  checksum: e4aba30e632b8c8902b47587fd13345e2827fa639e7c3121074d5ee0880723282411a8838f830b55100cbe4517672f84a2472667d355b81e8af165a55dc6203a
  languageName: node
  linkType: hard

"typescript@npm:^5.9.0":
  version: 5.9.3
  resolution: "typescript@npm:5.9.3"
  bin:
    tsc: bin/tsc
    tsserver: bin/tsserver
  checksum: 0d0ffb84f2cd072c3e164c79a2e5a1a1f4f168e84cb2882ff8967b92afe1def6c2a91f6838fb58b168428f9458c57a2ba06a6737711fdd87a256bbe83e9a217f
  languageName: node
  linkType: hard

"typescript@patch:typescript@^5.9.0#~builtin<compat/typescript>":
  version: 5.9.3
  resolution: "typescript@patch:typescript@npm%3A5.9.3#~builtin<compat/typescript>::version=5.9.3&hash=bda367"
  bin:
    tsc: bin/tsc
    tsserver: bin/tsserver
  checksum: 8bb8d86819ac86a498eada254cad7fb69c5f74778506c700c2a712daeaff21d3a6f51fd0d534fe16903cb010d1b74f89437a3d02d4d0ff5ca2ba9a4660de8497
  languageName: node
  linkType: hard

"undici-types@npm:~6.21.0":
  version: 6.21.0
  resolution: "undici-types@npm:6.21.0"
  checksum: 46331c7d6016bf85b3e8f20c159d62f5ae471aba1eb3dc52fff35a0259d58dcc7d592d4cc4f00c5f9243fa738a11cfa48bd20203040d4a9e6bc25e807fab7ab3
  languageName: node
  linkType: hard
